
Microsoft Visual Studio Solution File, Format Version 12.00
# Visual Studio Version 17
VisualStudioVersion = 17.4.33205.214
MinimumVisualStudioVersion = 10.0.40219.1
Project("{FAE04EC0-301F-11D3-BF4B-00C04F79EFBC}") = "Commerceee", "Commerceee\Commerceee.csproj", "{F6A6A361-C1D0-4B3F-9A28-FDBCE787F921}"
EndProject
Project("{FAE04EC0-301F-11D3-BF4B-00C04F79EFBC}") = "Core", "Core\Core.csproj", "{681B9896-3A4E-45D6-9045-23147605BC8B}"
EndProject
Project("{FAE04EC0-301F-11D3-BF4B-00C04F79EFBC}") = "Infrastructure", "Infrastructure\Infrastructure.csproj", "{D77B592E-992D-49F2-A88E-8E933442E55E}"
EndProject
Global
	GlobalSection(SolutionConfigurationPlatforms) = preSolution
		Debug|Any CPU = Debug|Any CPU
		Release|Any CPU = Release|Any CPU
	EndGlobalSection
	GlobalSection(ProjectConfigurationPlatforms) = postSolution
		{F6A6A361-C1D0-4B3F-9A28-FDBCE787F921}.Debug|Any CPU.ActiveCfg = Debug|Any CPU
		{F6A6A361-C1D0-4B3F-9A28-FDBCE787F921}.Debug|Any CPU.Build.0 = Debug|Any CPU
		{F6A6A361-C1D0-4B3F-9A28-FDBCE787F921}.Release|Any CPU.ActiveCfg = Release|Any CPU
		{F6A6A361-C1D0-4B3F-9A28-FDBCE787F921}.Release|Any CPU.Build.0 = Release|Any CPU
		{681B9896-3A4E-45D6-9045-23147605BC8B}.Debug|Any CPU.ActiveCfg = Debug|Any CPU
		{681B9896-3A4E-45D6-9045-23147605BC8B}.Debug|Any CPU.Build.0 = Debug|Any CPU
		{681B9896-3A4E-45D6-9045-23147605BC8B}.Release|Any CPU.ActiveCfg = Release|Any CPU
		{681B9896-3A4E-45D6-9045-23147605BC8B}.Release|Any CPU.Build.0 = Release|Any CPU
		{D77B592E-992D-49F2-A88E-8E933442E55E}.Debug|Any CPU.ActiveCfg = Debug|Any CPU
		{D77B592E-992D-49F2-A88E-8E933442E55E}.Debug|Any CPU.Build.0 = Debug|Any CPU
		{D77B592E-992D-49F2-A88E-8E933442E55E}.Release|Any CPU.ActiveCfg = Release|Any CPU
		{D77B592E-992D-49F2-A88E-8E933442E55E}.Release|Any CPU.Build.0 = Release|Any CPU
	EndGlobalSection
	GlobalSection(SolutionProperties) = preSolution
		HideSolutionNode = FALSE
	EndGlobalSection
	GlobalSection(ExtensibilityGlobals) = postSolution
		SolutionGuid = {EC864D6D-404F-47E0-A77A-209562736172}
	EndGlobalSection
EndGlobal
